{
  "name": "vaerydian-engine",
  "version": "0.0.1",
  "lockfileVersion": 1,
  "requires": true,
  "dependencies": {
    "@pixi/app": {
      "version": "5.2.2",
      "resolved": "https://registry.npmjs.org/@pixi/app/-/app-5.2.2.tgz",
      "integrity": "sha512-Pqyk7NDdBrRpIkrlB8wzu7Yrdk+GykdESWVRTyqt+PSfKdo937Q352Q/p8tT/y+0/mxB2oZeW71QNe7IjzfbdQ==",
      "requires": {
        "@pixi/core": "5.2.2",
        "@pixi/display": "5.2.2"
      }
    },
    "@pixi/constants": {
      "version": "5.2.2",
      "resolved": "https://registry.npmjs.org/@pixi/constants/-/constants-5.2.2.tgz",
      "integrity": "sha512-4ZQ0x9jqlQq+MUcxr8KluWRMMTwL1/TUOj8s2a+i1HPpGE+6Ysd+FqL5y9W46A2vm5TmZdPDXoWs53XEumeVUg=="
    },
    "@pixi/core": {
      "version": "5.2.2",
      "resolved": "https://registry.npmjs.org/@pixi/core/-/core-5.2.2.tgz",
      "integrity": "sha512-FaofKjNP8vJGbwO091xyZ/ydxPaZ11vExGz3SpjkFgSaUKEHJTUaC0HQgjB8CFvzYNOYh6mZ6+95hSm0FW1+SQ==",
      "requires": {
        "@pixi/constants": "5.2.2",
        "@pixi/display": "5.2.2",
        "@pixi/math": "5.2.2",
        "@pixi/runner": "5.2.2",
        "@pixi/settings": "5.2.2",
        "@pixi/ticker": "5.2.2",
        "@pixi/utils": "5.2.2"
      }
    },
    "@pixi/display": {
      "version": "5.2.2",
      "resolved": "https://registry.npmjs.org/@pixi/display/-/display-5.2.2.tgz",
      "integrity": "sha512-1IdOJK2UDEgFTpAff0Ji9F0d5J9euQY61MlE2qQO5NVxO0+RUI+Lop29L3WMJuvg42fEUpZNKFLlGr2/iFIE+w==",
      "requires": {
        "@pixi/math": "5.2.2",
        "@pixi/settings": "5.2.2",
        "@pixi/utils": "5.2.2"
      }
    },
    "@pixi/graphics": {
      "version": "5.2.2",
      "resolved": "https://registry.npmjs.org/@pixi/graphics/-/graphics-5.2.2.tgz",
      "integrity": "sha512-ljB6hvHJ8LwAyU2mLwG3MZj0c5AR1+cMZVdxMH0ySFLzlzL6w2pZ8C+65p9AiXfQBW6SWeM8cMXiz54w2ACGug==",
      "requires": {
        "@pixi/constants": "5.2.2",
        "@pixi/core": "5.2.2",
        "@pixi/display": "5.2.2",
        "@pixi/math": "5.2.2",
        "@pixi/sprite": "5.2.2",
        "@pixi/utils": "5.2.2"
      }
    },
    "@pixi/interaction": {
      "version": "5.2.2",
      "resolved": "https://registry.npmjs.org/@pixi/interaction/-/interaction-5.2.2.tgz",
      "integrity": "sha512-Ryb1vy/oZ4je0Znqyc9SK9ucJbs1LrwFPkv8fDwaZIR1IGwmKNSpqN6aJrv4CF5J2fuS5vcN1H0+hMa/L+QS/A==",
      "requires": {
        "@pixi/core": "5.2.2",
        "@pixi/display": "5.2.2",
        "@pixi/math": "5.2.2",
        "@pixi/ticker": "5.2.2",
        "@pixi/utils": "5.2.2"
      }
    },
    "@pixi/loaders": {
      "version": "5.2.2",
      "resolved": "https://registry.npmjs.org/@pixi/loaders/-/loaders-5.2.2.tgz",
      "integrity": "sha512-M+Ul6o1N247gvhcLQCJhwwkvvlRPNQThdilTpSbTdECpd0sNb0lCOtZ9GEnVVe2ENG1Ox16qVJKU+RSi04ATqg==",
      "requires": {
        "@pixi/core": "5.2.2",
        "@pixi/utils": "5.2.2",
        "resource-loader": "^3.0.1"
      }
    },
    "@pixi/math": {
      "version": "5.2.2",
      "resolved": "https://registry.npmjs.org/@pixi/math/-/math-5.2.2.tgz",
      "integrity": "sha512-uoNTj+XR/x/xqHpDYYJl/MVsvDHnIAOAZ9bSA4qaHiNo6U0/spysuAnPDEYB/dT7v7f3SLuSdYvhdey+uuNSFg=="
    },
    "@pixi/runner": {
      "version": "5.2.2",
      "resolved": "https://registry.npmjs.org/@pixi/runner/-/runner-5.2.2.tgz",
      "integrity": "sha512-Omxpd6NFll/NIuz52laeVQjb2uMHjWEDMYRMsVnZ/opTGWRzBBjmyNgeI5/JP9QDTNDJqdvX5gBJWgUkuxmvYA=="
    },
    "@pixi/settings": {
      "version": "5.2.2",
      "resolved": "https://registry.npmjs.org/@pixi/settings/-/settings-5.2.2.tgz",
      "integrity": "sha512-425eQyPUJpfVhbMPw8OKWArfGnD7AIDqmZoj+TXRoGHcUq+vfEzt/tV67u3JmvTAOqvCihTWxWuF4chz5e609g==",
      "requires": {
        "ismobilejs": "^1.1.0"
      }
    },
    "@pixi/sprite": {
      "version": "5.2.2",
      "resolved": "https://registry.npmjs.org/@pixi/sprite/-/sprite-5.2.2.tgz",
      "integrity": "sha512-neup8NbQfBF8PgQphDm8Hnvh09AmTsb/eRpclgu5DlRqXkJsJU/nJ7DKSiZgxlLJRN8huQku7aqaJqwBLl5CUQ==",
      "requires": {
        "@pixi/constants": "5.2.2",
        "@pixi/core": "5.2.2",
        "@pixi/display": "5.2.2",
        "@pixi/math": "5.2.2",
        "@pixi/settings": "5.2.2",
        "@pixi/utils": "5.2.2"
      }
    },
    "@pixi/sprite-animated": {
      "version": "5.2.2",
      "resolved": "https://registry.npmjs.org/@pixi/sprite-animated/-/sprite-animated-5.2.2.tgz",
      "integrity": "sha512-7fB2uCbOT0tEcHfVJVkeZyVehvejBG5tNfRpzoR5MUompRmna76RzaQU2WKQJ34hZbgAkgf6jDdjMJ1I2NUcLQ==",
      "requires": {
        "@pixi/core": "5.2.2",
        "@pixi/sprite": "5.2.2",
        "@pixi/ticker": "5.2.2"
      }
    },
    "@pixi/sprite-tiling": {
      "version": "5.2.2",
      "resolved": "https://registry.npmjs.org/@pixi/sprite-tiling/-/sprite-tiling-5.2.2.tgz",
      "integrity": "sha512-udtUzTivkPLqGmQrA4Ca7NNE1FHgCskKrMgveuPXcqQlNpKzNwPxZzrZ79W/7hkTva2D95uxCNPFZ9rHPJCviw==",
      "requires": {
        "@pixi/constants": "5.2.2",
        "@pixi/core": "5.2.2",
        "@pixi/display": "5.2.2",
        "@pixi/math": "5.2.2",
        "@pixi/sprite": "5.2.2",
        "@pixi/utils": "5.2.2"
      }
    },
    "@pixi/spritesheet": {
      "version": "5.2.2",
      "resolved": "https://registry.npmjs.org/@pixi/spritesheet/-/spritesheet-5.2.2.tgz",
      "integrity": "sha512-9MkPQ8/NB4WhSv7H32WTYGPItk8FvUehDHkNSX75K6AsP/G3tXJ9GnBq/2+d7oYpx+3BNJkY3vr3NVKC5WK90Q==",
      "requires": {
        "@pixi/core": "5.2.2",
        "@pixi/loaders": "5.2.2",
        "@pixi/math": "5.2.2",
        "@pixi/utils": "5.2.2"
      }
    },
    "@pixi/text": {
      "version": "5.2.2",
      "resolved": "https://registry.npmjs.org/@pixi/text/-/text-5.2.2.tgz",
      "integrity": "sha512-/XZFk5ZN/63HyH2WzzQhV0X4bsQaySLR4/NtnEuhNCTcm0MJfh9IDo3rM38VPBWRFFvk6mJlHuLgyWH6elyxYw==",
      "requires": {
        "@pixi/core": "5.2.2",
        "@pixi/math": "5.2.2",
        "@pixi/settings": "5.2.2",
        "@pixi/sprite": "5.2.2",
        "@pixi/utils": "5.2.2"
      }
    },
    "@pixi/text-bitmap": {
      "version": "5.2.2",
      "resolved": "https://registry.npmjs.org/@pixi/text-bitmap/-/text-bitmap-5.2.2.tgz",
      "integrity": "sha512-DKAj6Q2EJEYvvolCEU61OE72jOyV01Rh7kZr64wKNkDSKtPPxGMlyE147ErAOjPclWJGxIfNvnFkRtd6BvC2yQ==",
      "requires": {
        "@pixi/core": "5.2.2",
        "@pixi/display": "5.2.2",
        "@pixi/loaders": "5.2.2",
        "@pixi/math": "5.2.2",
        "@pixi/settings": "5.2.2",
        "@pixi/sprite": "5.2.2",
        "@pixi/utils": "5.2.2"
      }
    },
    "@pixi/ticker": {
      "version": "5.2.2",
      "resolved": "https://registry.npmjs.org/@pixi/ticker/-/ticker-5.2.2.tgz",
      "integrity": "sha512-F4dbZpUij02+pipEbIeWpXtUh+6hhT8oYsxy6viTiqxfVJacP9uC74plhyKq1LXI9QwBuPqwGNbvZG5cOwdM2A==",
      "requires": {
        "@pixi/settings": "5.2.2"
      }
    },
    "@pixi/utils": {
      "version": "5.2.2",
      "resolved": "https://registry.npmjs.org/@pixi/utils/-/utils-5.2.2.tgz",
      "integrity": "sha512-01rqiVbCO5zqhCKOpx+LtsT3Z/KUln4MD4bUjCaGfLRkB95/5HIxiayUBiCcQ3oefPLkVtwMLHXq43aIvtna9g==",
      "requires": {
        "@pixi/constants": "5.2.2",
        "@pixi/settings": "5.2.2",
        "earcut": "^2.1.5",
        "eventemitter3": "^3.1.0",
        "url": "^0.11.0"
      }
    },
    "earcut": {
      "version": "2.2.2",
      "resolved": "https://registry.npmjs.org/earcut/-/earcut-2.2.2.tgz",
      "integrity": "sha512-eZoZPPJcUHnfRZ0PjLvx2qBordSiO8ofC3vt+qACLM95u+4DovnbYNpQtJh0DNsWj8RnxrQytD4WA8gj5cRIaQ=="
    },
    "eventemitter3": {
      "version": "3.1.2",
      "resolved": "https://registry.npmjs.org/eventemitter3/-/eventemitter3-3.1.2.tgz",
      "integrity": "sha512-tvtQIeLVHjDkJYnzf2dgVMxfuSGJeM/7UCG17TT4EumTfNtF+0nebF/4zWOIkCreAbtNqhGEboB6BWrwqNaw4Q=="
    },
    "ismobilejs": {
      "version": "1.1.1",
      "resolved": "https://registry.npmjs.org/ismobilejs/-/ismobilejs-1.1.1.tgz",
      "integrity": "sha512-VaFW53yt8QO61k2WJui0dHf4SlL8lxBofUuUmwBo0ljPk0Drz2TiuDW4jo3wDcv41qy/SxrJ+VAzJ/qYqsmzRw=="
    },
    "mini-signals": {
      "version": "1.2.0",
      "resolved": "https://registry.npmjs.org/mini-signals/-/mini-signals-1.2.0.tgz",
      "integrity": "sha1-RbCAE8X65RokqhqTXNMXye1yHXQ="
    },
    "parse-uri": {
      "version": "1.0.0",
      "resolved": "https://registry.npmjs.org/parse-uri/-/parse-uri-1.0.0.tgz",
      "integrity": "sha1-KHLcwi8aeXrN4Vg9igrClVLdrCA="
    },
    "punycode": {
      "version": "1.3.2",
      "resolved": "https://registry.npmjs.org/punycode/-/punycode-1.3.2.tgz",
      "integrity": "sha1-llOgNvt8HuQjQvIyXM7v6jkmxI0="
    },
    "querystring": {
      "version": "0.2.0",
      "resolved": "https://registry.npmjs.org/querystring/-/querystring-0.2.0.tgz",
      "integrity": "sha1-sgmEkgO7Jd+CDadW50cAWHhSFiA="
    },
    "resource-loader": {
      "version": "3.0.1",
      "resolved": "https://registry.npmjs.org/resource-loader/-/resource-loader-3.0.1.tgz",
      "integrity": "sha512-fBuCRbEHdLCI1eglzQhUv9Rrdcmqkydr1r6uHE2cYHvRBrcLXeSmbE/qI/urFt8rPr/IGxir3BUwM5kUK8XoyA==",
      "requires": {
        "mini-signals": "^1.2.0",
        "parse-uri": "^1.0.0"
      }
    },
    "url": {
      "version": "0.11.0",
      "resolved": "https://registry.npmjs.org/url/-/url-0.11.0.tgz",
      "integrity": "sha1-ODjpfPxgUh63PFJajlW/3Z4uKPE=",
      "requires": {
        "punycode": "1.3.2",
        "querystring": "0.2.0"
      }
    }
  }
}
